
Microsoft Visual Studio Solution File, Format Version 12.00
# Visual Studio Version 16
VisualStudioVersion = 16.0.34601.136
MinimumVisualStudioVersion = 10.0.40219.1
Project("{FAE04EC0-301F-11D3-BF4B-00C04F79EFBC}") = "XZ-Util", "Pxrple-RTM-Tool\XZ-Util.csproj", "{306CC486-3FD0-42FA-9AF8-D65FA7E78BEE}"
EndProject
Global
	GlobalSection(SolutionConfigurationPlatforms) = preSolution
		Debug|Any CPU = Debug|Any CPU
		Release|Any CPU = Release|Any CPU
	EndGlobalSection
	GlobalSection(ProjectConfigurationPlatforms) = postSolution
		{306CC486-3FD0-42FA-9AF8-D65FA7E78BEE}.Debug|Any CPU.ActiveCfg = Debug|Any CPU
		{306CC486-3FD0-42FA-9AF8-D65FA7E78BEE}.Debug|Any CPU.Build.0 = Debug|Any CPU
		{306CC486-3FD0-42FA-9AF8-D65FA7E78BEE}.Release|Any CPU.ActiveCfg = Release|Any CPU
		{306CC486-3FD0-42FA-9AF8-D65FA7E78BEE}.Release|Any CPU.Build.0 = Release|Any CPU
	EndGlobalSection
	GlobalSection(SolutionProperties) = preSolution
		HideSolutionNode = FALSE
	EndGlobalSection
	GlobalSection(ExtensibilityGlobals) = postSolution
		SolutionGuid = {C46DE5A8-BEF8-4591-ACB3-4FD04B5F20F3}
	EndGlobalSection
EndGlobal
